// !$*UTF8*$!
{
	archiveVersion = 1;
	classes = {
	};
	objectVersion = 50;
	objects = {

/* Begin PBXBuildFile section */
		3A2D48DB23517DA7007249CA /* AppDelegate.swift in Sources */ = {isa = PBXBuildFile; fileRef = 3A2D48DA23517DA7007249CA /* AppDelegate.swift */; };
		3A2D48DD23517DA7007249CA /* SceneDelegate.swift in Sources */ = {isa = PBXBuildFile; fileRef = 3A2D48DC23517DA7007249CA /* SceneDelegate.swift */; };
		3A2D48DF23517DA7007249CA /* ViewController.swift in Sources */ = {isa = PBXBuildFile; fileRef = 3A2D48DE23517DA7007249CA /* ViewController.swift */; };
		3A2D48E223517DA7007249CA /* Main.storyboard in Resources */ = {isa = PBXBuildFile; fileRef = 3A2D48E023517DA7007249CA /* Main.storyboard */; };
		3A2D48E423517DA8007249CA /* Assets.xcassets in Resources */ = {isa = PBXBuildFile; fileRef = 3A2D48E323517DA8007249CA /* Assets.xcassets */; };
		3A2D48E723517DA8007249CA /* LaunchScreen.storyboard in Resources */ = {isa = PBXBuildFile; fileRef = 3A2D48E523517DA8007249CA /* LaunchScreen.storyboard */; };
		3A2D48F123518050007249CA /* CoreVC.swift in Sources */ = {isa = PBXBuildFile; fileRef = 3A2D48F023518050007249CA /* CoreVC.swift */; };
/* End PBXBuildFile section */

/* Begin PBXFileReference section */
		3A2D48D723517DA7007249CA /* 2nd_SubSeminar.app */ = {isa = PBXFileReference; explicitFileType = wrapper.application; includeInIndex = 0; path = 2nd_SubSeminar.app; sourceTree = BUILT_PRODUCTS_DIR; };
		3A2D48DA23517DA7007249CA /* AppDelegate.swift */ = {isa = PBXFileReference; lastKnownFileType = sourcecode.swift; path = AppDelegate.swift; sourceTree = "<group>"; };
		3A2D48DC23517DA7007249CA /* SceneDelegate.swift */ = {isa = PBXFileReference; lastKnownFileType = sourcecode.swift; path = SceneDelegate.swift; sourceTree = "<group>"; };
		3A2D48DE23517DA7007249CA /* ViewController.swift */ = {isa = PBXFileReference; lastKnownFileType = sourcecode.swift; path = ViewController.swift; sourceTree = "<group>"; };
		3A2D48E123517DA7007249CA /* Base */ = {isa = PBXFileReference; lastKnownFileType = file.storyboard; name = Base; path = Base.lproj/Main.storyboard; sourceTree = "<group>"; };
		3A2D48E323517DA8007249CA /* Assets.xcassets */ = {isa = PBXFileReference; lastKnownFileType = folder.assetcatalog; path = Assets.xcassets; sourceTree = "<group>"; };
		3A2D48E623517DA8007249CA /* Base */ = {isa = PBXFileReference; lastKnownFileType = file.storyboard; name = Base; path = Base.lproj/LaunchScreen.storyboard; sourceTree = "<group>"; };
		3A2D48E823517DA8007249CA /* Info.plist */ = {isa = PBXFileReference; lastKnownFileType = text.plist.xml; path = Info.plist; sourceTree = "<group>"; };
		3A2D48F023518050007249CA /* CoreVC.swift */ = {isa = PBXFileReference; lastKnownFileType = sourcecode.swift; path = CoreVC.swift; sourceTree = "<group>"; };
/* End PBXFileReference section */

/* Begin PBXFrameworksBuildPhase section */
		3A2D48D423517DA7007249CA /* Frameworks */ = {
			isa = PBXFrameworksBuildPhase;
			buildActionMask = 2147483647;
			files = (
			);
			runOnlyForDeploymentPostprocessing = 0;
		};
/* End PBXFrameworksBuildPhase section */

/* Begin PBXGroup section */
		3A2D48CE23517DA7007249CA = {
			isa = PBXGroup;
			children = (
				3A2D48D923517DA7007249CA /* 2nd_SubSeminar */,
				3A2D48D823517DA7007249CA /* Products */,
			);
			sourceTree = "<group>";
		};
		3A2D48D823517DA7007249CA /* Products */ = {
			isa = PBXGroup;
			children = (
				3A2D48D723517DA7007249CA /* 2nd_SubSeminar.app */,
			);
			name = Products;
			sourceTree = "<group>";
		};
		3A2D48D923517DA7007249CA /* 2nd_SubSeminar */ = {
			isa = PBXGroup;
			children = (
				3A2D48EF23517DDA007249CA /* Sources */,
				3A2D48EE23517DD3007249CA /* Resources */,
				3A2D48E823517DA8007249CA /* Info.plist */,
			);
			path = 2nd_SubSeminar;
			sourceTree = "<group>";
		};
		3A2D48EE23517DD3007249CA /* Resources */ = {
			isa = PBXGroup;
			children = (
				3A2D48E023517DA7007249CA /* Main.storyboard */,
				3A2D48E323517DA8007249CA /* Assets.xcassets */,
				3A2D48E523517DA8007249CA /* LaunchScreen.storyboard */,
			);
			path = Resources;
			sourceTree = "<group>";
		};
		3A2D48EF23517DDA007249CA /* Sources */ = {
			isa = PBXGroup;
			children = (
				3A2D48DA23517DA7007249CA /* AppDelegate.swift */,
				3A2D48DC23517DA7007249CA /* SceneDelegate.swift */,
				3A2D48DE23517DA7007249CA /* ViewController.swift */,
				3A2D48F023518050007249CA /* CoreVC.swift */,
			);
			path = Sources;
			sourceTree = "<group>";
		};
/* End PBXGroup section */

/* Begin PBXNativeTarget section */
		3A2D48D623517DA7007249CA /* 2nd_SubSeminar */ = {
			isa = PBXNativeTarget;
			buildConfigurationList = 3A2D48EB23517DA8007249CA /* Build configuration list for PBXNativeTarget "2nd_SubSeminar" */;
			buildPhases = (
				3A2D48D323517DA7007249CA /* Sources */,
				3A2D48D423517DA7007249CA /* Frameworks */,
				3A2D48D523517DA7007249CA /* Resources */,
			);
			buildRules = (
			);
			dependencies = (
			);
			name = 2nd_SubSeminar;
			productName = 2nd_SubSeminar;
			productReference = 3A2D48D723517DA7007249CA /* 2nd_SubSeminar.app */;
			productType = "com.apple.product-type.application";
		};
/* End PBXNativeTarget section */

/* Begin PBXProject section */
		3A2D48CF23517DA7007249CA /* Project object */ = {
			isa = PBXProject;
			attributes = {
				LastSwiftUpdateCheck = 1100;
				LastUpgradeCheck = 1100;
				ORGANIZATIONNAME = Yeaeun;
				TargetAttributes = {
					3A2D48D623517DA7007249CA = {
						CreatedOnToolsVersion = 11.0;
					};
				};
			};
			buildConfigurationList = 3A2D48D223517DA7007249CA /* Build configuration list for PBXProject "2nd_SubSeminar" */;
			compatibilityVersion = "Xcode 9.3";
			developmentRegion = en;
			hasScannedForEncodings = 0;
			knownRegions = (
				en,
				Base,
			);
			mainGroup = 3A2D48CE23517DA7007249CA;
			productRefGroup = 3A2D48D823517DA7007249CA /* Products */;
			projectDirPath = "";
			projectRoot = "";
			targets = (
				3A2D48D623517DA7007249CA /* 2nd_SubSeminar */,
			);
		};
/* End PBXProject section */

/* Begin PBXResourcesBuildPhase section */
		3A2D48D523517DA7007249CA /* Resources */ = {
			isa = PBXResourcesBuildPhase;
			buildActionMask = 2147483647;
			files = (
				3A2D48E723517DA8007249CA /* LaunchScreen.storyboard in Resources */,
				3A2D48E423517DA8007249CA /* Assets.xcassets in Resources */,
				3A2D48E223517DA7007249CA /* Main.storyboard in Resources */,
			);
			runOnlyForDeploymentPostprocessing = 0;
		};
/* End PBXResourcesBuildPhase section */

/* Begin PBXSourcesBuildPhase section */
		3A2D48D323517DA7007249CA /* Sources */ = {
			isa = PBXSourcesBuildPhase;
			buildActionMask = 2147483647;
			files = (
				3A2D48DF23517DA7007249CA /* ViewController.swift in Sources */,
				3A2D48F123518050007249CA /* CoreVC.swift in Sources */,
				3A2D48DB23517DA7007249CA /* AppDelegate.swift in Sources */,
				3A2D48DD23517DA7007249CA /* SceneDelegate.swift in Sources */,
			);
			runOnlyForDeploymentPostprocessing = 0;
		};
/* End PBXSourcesBuildPhase section */

/* Begin PBXVariantGroup section */
		3A2D48E023517DA7007249CA /* Main.storyboard */ = {
			isa = PBXVariantGroup;
			children = (
				3A2D48E123517DA7007249CA /* Base */,
			);
			name = Main.storyboard;
			sourceTree = "<group>";
		};
		3A2D48E523517DA8007249CA /* LaunchScreen.storyboard */ = {
			isa = PBXVariantGroup;
			children = (
				3A2D48E623517DA8007249CA /* Base */,
			);
			name = LaunchScreen.storyboard;
			sourceTree = "<group>";
		};
/* End PBXVariantGroup section */

/* Begin XCBuildConfiguration section */
		3A2D48E923517DA8007249CA /* Debug */ = {
			isa = XCBuildConfiguration;
			buildSettings = {
				ALWAYS_SEARCH_USER_PATHS = NO;
				CLANG_ANALYZER_NONNULL = YES;
				CLANG_ANALYZER_NUMBER_OBJECT_CONVERSION = YES_AGGRESSIVE;
				CLANG_CXX_LANGUAGE_STANDARD = "gnu++14";
				CLANG_CXX_LIBRARY = "libc++";
				CLANG_ENABLE_MODULES = YES;
				CLANG_ENABLE_OBJC_ARC = YES;
				CLANG_ENABLE_OBJC_WEAK = YES;
				CLANG_WARN_BLOCK_CAPTURE_AUTORELEASING = YES;
				CLANG_WARN_BOOL_CONVERSION = YES;
				CLANG_WARN_COMMA = YES;
				CLANG_WARN_CONSTANT_CONVERSION = YES;
				CLANG_WARN_DEPRECATED_OBJC_IMPLEMENTATIONS = YES;
				CLANG_WARN_DIRECT_OBJC_ISA_USAGE = YES_ERROR;
				CLANG_WARN_DOCUMENTATION_COMMENTS = YES;
				CLANG_WARN_EMPTY_BODY = YES;
				CLANG_WARN_ENUM_CONVERSION = YES;
				CLANG_WARN_INFINITE_RECURSION = YES;
				CLANG_WARN_INT_CONVERSION = YES;
				CLANG_WARN_NON_LITERAL_NULL_CONVERSION = YES;
				CLANG_WARN_OBJC_IMPLICIT_RETAIN_SELF = YES;
				CLANG_WARN_OBJC_LITERAL_CONVERSION = YES;
				CLANG_WARN_OBJC_ROOT_CLASS = YES_ERROR;
				CLANG_WARN_RANGE_LOOP_ANALYSIS = YES;
				CLANG_WARN_STRICT_PROTOTYPES = YES;
				CLANG_WARN_SUSPICIOUS_MOVE = YES;
				CLANG_WARN_UNGUARDED_AVAILABILITY = YES_AGGRESSIVE;
				CLANG_WARN_UNREACHABLE_CODE = YES;
				CLANG_WARN__DUPLICATE_METHOD_MATCH = YES;
				COPY_PHASE_STRIP = NO;
				DEBUG_INFORMATION_FORMAT = dwarf;
				ENABLE_STRICT_OBJC_MSGSEND = YES;
				ENABLE_TESTABILITY = YES;
				GCC_C_LANGUAGE_STANDARD = gnu11;
				GCC_DYNAMIC_NO_PIC = NO;
				GCC_NO_COMMON_BLOCKS = YES;
				GCC_OPTIMIZATION_LEVEL = 0;
				GCC_PREPROCESSOR_DEFINITIONS = (
					"DEBUG=1",
					"$(inherited)",
				);
				GCC_WARN_64_TO_32_BIT_CONVERSION = YES;
				GCC_WARN_ABOUT_RETURN_TYPE = YES_ERROR;
				GCC_WARN_UNDECLARED_SELECTOR = YES;
				GCC_WARN_UNINITIALIZED_AUTOS = YES_AGGRESSIVE;
				GCC_WARN_UNUSED_FUNCTION = YES;
				GCC_WARN_UNUSED_VARIABLE = YES;
				IPHONEOS_DEPLOYMENT_TARGET = 13.0;
				MTL_ENABLE_DEBUG_INFO = INCLUDE_SOURCE;
				MTL_FAST_MATH = YES;
				ONLY_ACTIVE_ARCH = YES;
				SDKROOT = iphoneos;
				SWIFT_ACTIVE_COMPILATION_CONDITIONS = DEBUG;
				SWIFT_OPTIMIZATION_LEVEL = "-Onone";
			};
			name = Debug;
		};
		3A2D48EA23517DA8007249CA /* Release */ = {
			isa = XCBuildConfiguration;
			buildSettings = {
				ALWAYS_SEARCH_USER_PATHS = NO;
				CLANG_ANALYZER_NONNULL = YES;
				CLANG_ANALYZER_NUMBER_OBJECT_CONVERSION = YES_AGGRESSIVE;
				CLANG_CXX_LANGUAGE_STANDARD = "gnu++14";
				CLANG_CXX_LIBRARY = "libc++";
				CLANG_ENABLE_MODULES = YES;
				CLANG_ENABLE_OBJC_ARC = YES;
				CLANG_ENABLE_OBJC_WEAK = YES;
				CLANG_WARN_BLOCK_CAPTURE_AUTORELEASING = YES;
				CLANG_WARN_BOOL_CONVERSION = YES;
				CLANG_WARN_COMMA = YES;
				CLANG_WARN_CONSTANT_CONVERSION = YES;
				CLANG_WARN_DEPRECATED_OBJC_IMPLEMENTATIONS = YES;
				CLANG_WARN_DIRECT_OBJC_ISA_USAGE = YES_ERROR;
				CLANG_WARN_DOCUMENTATION_COMMENTS = YES;
				CLANG_WARN_EMPTY_BODY = YES;
				CLANG_WARN_ENUM_CONVERSION = YES;
				CLANG_WARN_INFINITE_RECURSION = YES;
				CLANG_WARN_INT_CONVERSION = YES;
				CLANG_WARN_NON_LITERAL_NULL_CONVERSION = YES;
				CLANG_WARN_OBJC_IMPLICIT_RETAIN_SELF = YES;
				CLANG_WARN_OBJC_LITERAL_CONVERSION = YES;
				CLANG_WARN_OBJC_ROOT_CLASS = YES_ERROR;
				CLANG_WARN_RANGE_LOOP_ANALYSIS = YES;
				CLANG_WARN_STRICT_PROTOTYPES = YES;
				CLANG_WARN_SUSPICIOUS_MOVE = YES;
				CLANG_WARN_UNGUARDED_AVAILABILITY = YES_AGGRESSIVE;
				CLANG_WARN_UNREACHABLE_CODE = YES;
				CLANG_WARN__DUPLICATE_METHOD_MATCH = YES;
				COPY_PHASE_STRIP = NO;
				DEBUG_INFORMATION_FORMAT = "dwarf-with-dsym";
				ENABLE_NS_ASSERTIONS = NO;
				ENABLE_STRICT_OBJC_MSGSEND = YES;
				GCC_C_LANGUAGE_STANDARD = gnu11;
				GCC_NO_COMMON_BLOCKS = YES;
				GCC_WARN_64_TO_32_BIT_CONVERSION = YES;
				GCC_WARN_ABOUT_RETURN_TYPE = YES_ERROR;
				GCC_WARN_UNDECLARED_SELECTOR = YES;
				GCC_WARN_UNINITIALIZED_AUTOS = YES_AGGRESSIVE;
				GCC_WARN_UNUSED_FUNCTION = YES;
				GCC_WARN_UNUSED_VARIABLE = YES;
				IPHONEOS_DEPLOYMENT_TARGET = 13.0;
				MTL_ENABLE_DEBUG_INFO = NO;
				MTL_FAST_MATH = YES;
				SDKROOT = iphoneos;
				SWIFT_COMPILATION_MODE = wholemodule;
				SWIFT_OPTIMIZATION_LEVEL = "-O";
				VALIDATE_PRODUCT = YES;
			};
			name = Release;
		};
		3A2D48EC23517DA8007249CA /* Debug */ = {
			isa = XCBuildConfiguration;
			buildSettings = {
				ASSETCATALOG_COMPILER_APPICON_NAME = AppIcon;
				CODE_SIGN_STYLE = Automatic;
				DEVELOPMENT_TEAM = C99ST777A5;
				INFOPLIST_FILE = 2nd_SubSeminar/Info.plist;
				LD_RUNPATH_SEARCH_PATHS = (
					"$(inherited)",
					"@executable_path/Frameworks",
				);
				PRODUCT_BUNDLE_IDENTIFIER = "com.yeaeun.-nd-SubSeminar";
				PRODUCT_NAME = "$(TARGET_NAME)";
				SWIFT_VERSION = 5.0;
				TARGETED_DEVICE_FAMILY = "1,2";
			};
			name = Debug;
		};
		3A2D48ED23517DA8007249CA /* Release */ = {
			isa = XCBuildConfiguration;
			buildSettings = {
				ASSETCATALOG_COMPILER_APPICON_NAME = AppIcon;
				CODE_SIGN_STYLE = Automatic;
				DEVELOPMENT_TEAM = C99ST777A5;
				INFOPLIST_FILE = 2nd_SubSeminar/Info.plist;
				LD_RUNPATH_SEARCH_PATHS = (
					"$(inherited)",
					"@executable_path/Frameworks",
				);
				PRODUCT_BUNDLE_IDENTIFIER = "com.yeaeun.-nd-SubSeminar";
				PRODUCT_NAME = "$(TARGET_NAME)";
				SWIFT_VERSION = 5.0;
				TARGETED_DEVICE_FAMILY = "1,2";
			};
			name = Release;
		};
/* End XCBuildConfiguration section */

/* Begin XCConfigurationList section */
		3A2D48D223517DA7007249CA /* Build configuration list for PBXProject "2nd_SubSeminar" */ = {
			isa = XCConfigurationList;
			buildConfigurations = (
				3A2D48E923517DA8007249CA /* Debug */,
				3A2D48EA23517DA8007249CA /* Release */,
			);
			defaultConfigurationIsVisible = 0;
			defaultConfigurationName = Release;
		};
		3A2D48EB23517DA8007249CA /* Build configuration list for PBXNativeTarget "2nd_SubSeminar" */ = {
			isa = XCConfigurationList;
			buildConfigurations = (
				3A2D48EC23517DA8007249CA /* Debug */,
				3A2D48ED23517DA8007249CA /* Release */,
			);
			defaultConfigurationIsVisible = 0;
			defaultConfigurationName = Release;
		};
/* End XCConfigurationList section */
	};
	rootObject = 3A2D48CF23517DA7007249CA /* Project object */;
}
